
Microsoft Visual Studio Solution File, Format Version 12.00
# Visual Studio 15
VisualStudioVersion = 15.0.26430.15
MinimumVisualStudioVersion = 10.0.40219.1
Project("{A07B5EB6-E848-4116-A8D0-A826331D98C6}") = "Application", "Application\Application.sfproj", "{1F662297-B45A-4EC8-A24D-0F729E086CD2}"
EndProject
Project("{9A19103F-16F7-4668-BE54-9A1E7A4F7556}") = "WebAPI", "WebAPI\WebAPI.csproj", "{DDBBDF5B-FD1A-45EE-8FED-003C555F1D8A}"
EndProject
Project("{FAE04EC0-301F-11D3-BF4B-00C04F79EFBC}") = "PID", "PID\PID.csproj", "{6CD5B458-EBAF-45BF-B18E-84A43786A792}"
EndProject
Project("{FAE04EC0-301F-11D3-BF4B-00C04F79EFBC}") = "PID.Interfaces", "PID.Interfaces\PID.Interfaces.csproj", "{AA16F014-211A-4AEE-A293-D5A22F52295D}"
EndProject
Project("{FAE04EC0-301F-11D3-BF4B-00C04F79EFBC}") = "LMS", "LMS\LMS.csproj", "{D7B47675-6B66-4E34-8F3B-DB775941B634}"
EndProject
Project("{FAE04EC0-301F-11D3-BF4B-00C04F79EFBC}") = "LMS.Interfaces", "LMS.Interfaces\LMS.Interfaces.csproj", "{19DB7CF1-0ACB-404A-931D-6A03F38320F3}"
EndProject
Project("{FAE04EC0-301F-11D3-BF4B-00C04F79EFBC}") = "LA", "LA\LA.csproj", "{B68BDEDF-A3AC-4311-A595-BA296AC97D4B}"
EndProject
Project("{FAE04EC0-301F-11D3-BF4B-00C04F79EFBC}") = "LA.Interfaces", "LA.Interfaces\LA.Interfaces.csproj", "{368ADB12-7560-40DF-9C99-026DAF14E19F}"
EndProject
Project("{FAE04EC0-301F-11D3-BF4B-00C04F79EFBC}") = "ClassLibrary", "ClassLibrary\ClassLibrary.csproj", "{4BF122D7-C88D-48CC-B339-73356B041215}"
EndProject
Project("{FAE04EC0-301F-11D3-BF4B-00C04F79EFBC}") = "Actors", "Actors\Actors.csproj", "{E36BAD5A-F71E-4442-A9F6-269133FC8E81}"
EndProject
Project("{FAE04EC0-301F-11D3-BF4B-00C04F79EFBC}") = "Actors.Interfaces", "Actors.Interfaces\Actors.Interfaces.csproj", "{BCF0E714-57E2-47D3-825B-7A8FE6C1B271}"
EndProject
Project("{FAE04EC0-301F-11D3-BF4B-00C04F79EFBC}") = "Operator", "LogicOperator\Operator.csproj", "{88F01926-5425-4E3E-B63E-F978ABA5B690}"
EndProject
Project("{FAE04EC0-301F-11D3-BF4B-00C04F79EFBC}") = "Operator.Interfaces", "LogicOperator.Interfaces\Operator.Interfaces.csproj", "{2B49D448-2C54-4F5C-A191-9AF98EBA13D8}"
EndProject
Project("{FAE04EC0-301F-11D3-BF4B-00C04F79EFBC}") = "QuadraticProgramming", "QuadraticProgramming\QuadraticProgramming.csproj", "{9038611C-C4E5-4EF5-85A4-72686D0956A4}"
EndProject
Project("{FAE04EC0-301F-11D3-BF4B-00C04F79EFBC}") = "QuadraticProgramming.Interfaces", "QuadraticProgramming.Interfaces\QuadraticProgramming.Interfaces.csproj", "{2DFBD117-17E8-4060-846A-DE4F62F6DB6F}"
EndProject
Global
	GlobalSection(SolutionConfigurationPlatforms) = preSolution
		Debug|Any CPU = Debug|Any CPU
		Debug|x64 = Debug|x64
		Release|Any CPU = Release|Any CPU
		Release|x64 = Release|x64
	EndGlobalSection
	GlobalSection(ProjectConfigurationPlatforms) = postSolution
		{1F662297-B45A-4EC8-A24D-0F729E086CD2}.Debug|Any CPU.ActiveCfg = Debug|x64
		{1F662297-B45A-4EC8-A24D-0F729E086CD2}.Debug|x64.ActiveCfg = Debug|x64
		{1F662297-B45A-4EC8-A24D-0F729E086CD2}.Debug|x64.Build.0 = Debug|x64
		{1F662297-B45A-4EC8-A24D-0F729E086CD2}.Debug|x64.Deploy.0 = Debug|x64
		{1F662297-B45A-4EC8-A24D-0F729E086CD2}.Release|Any CPU.ActiveCfg = Release|x64
		{1F662297-B45A-4EC8-A24D-0F729E086CD2}.Release|x64.ActiveCfg = Release|x64
		{1F662297-B45A-4EC8-A24D-0F729E086CD2}.Release|x64.Build.0 = Release|x64
		{1F662297-B45A-4EC8-A24D-0F729E086CD2}.Release|x64.Deploy.0 = Release|x64
		{DDBBDF5B-FD1A-45EE-8FED-003C555F1D8A}.Debug|Any CPU.ActiveCfg = Debug|Any CPU
		{DDBBDF5B-FD1A-45EE-8FED-003C555F1D8A}.Debug|Any CPU.Build.0 = Debug|Any CPU
		{DDBBDF5B-FD1A-45EE-8FED-003C555F1D8A}.Debug|x64.ActiveCfg = Debug|Any CPU
		{DDBBDF5B-FD1A-45EE-8FED-003C555F1D8A}.Debug|x64.Build.0 = Debug|Any CPU
		{DDBBDF5B-FD1A-45EE-8FED-003C555F1D8A}.Release|Any CPU.ActiveCfg = Release|Any CPU
		{DDBBDF5B-FD1A-45EE-8FED-003C555F1D8A}.Release|Any CPU.Build.0 = Release|Any CPU
		{DDBBDF5B-FD1A-45EE-8FED-003C555F1D8A}.Release|x64.ActiveCfg = Release|Any CPU
		{DDBBDF5B-FD1A-45EE-8FED-003C555F1D8A}.Release|x64.Build.0 = Release|Any CPU
		{6CD5B458-EBAF-45BF-B18E-84A43786A792}.Debug|Any CPU.ActiveCfg = Debug|x64
		{6CD5B458-EBAF-45BF-B18E-84A43786A792}.Debug|x64.ActiveCfg = Debug|x64
		{6CD5B458-EBAF-45BF-B18E-84A43786A792}.Debug|x64.Build.0 = Debug|x64
		{6CD5B458-EBAF-45BF-B18E-84A43786A792}.Release|Any CPU.ActiveCfg = Release|x64
		{6CD5B458-EBAF-45BF-B18E-84A43786A792}.Release|x64.ActiveCfg = Release|x64
		{6CD5B458-EBAF-45BF-B18E-84A43786A792}.Release|x64.Build.0 = Release|x64
		{AA16F014-211A-4AEE-A293-D5A22F52295D}.Debug|Any CPU.ActiveCfg = Debug|x64
		{AA16F014-211A-4AEE-A293-D5A22F52295D}.Debug|x64.ActiveCfg = Debug|x64
		{AA16F014-211A-4AEE-A293-D5A22F52295D}.Debug|x64.Build.0 = Debug|x64
		{AA16F014-211A-4AEE-A293-D5A22F52295D}.Release|Any CPU.ActiveCfg = Release|x64
		{AA16F014-211A-4AEE-A293-D5A22F52295D}.Release|x64.ActiveCfg = Release|x64
		{AA16F014-211A-4AEE-A293-D5A22F52295D}.Release|x64.Build.0 = Release|x64
		{D7B47675-6B66-4E34-8F3B-DB775941B634}.Debug|Any CPU.ActiveCfg = Debug|x64
		{D7B47675-6B66-4E34-8F3B-DB775941B634}.Debug|x64.ActiveCfg = Debug|x64
		{D7B47675-6B66-4E34-8F3B-DB775941B634}.Debug|x64.Build.0 = Debug|x64
		{D7B47675-6B66-4E34-8F3B-DB775941B634}.Release|Any CPU.ActiveCfg = Release|x64
		{D7B47675-6B66-4E34-8F3B-DB775941B634}.Release|x64.ActiveCfg = Release|x64
		{D7B47675-6B66-4E34-8F3B-DB775941B634}.Release|x64.Build.0 = Release|x64
		{19DB7CF1-0ACB-404A-931D-6A03F38320F3}.Debug|Any CPU.ActiveCfg = Debug|x64
		{19DB7CF1-0ACB-404A-931D-6A03F38320F3}.Debug|x64.ActiveCfg = Debug|x64
		{19DB7CF1-0ACB-404A-931D-6A03F38320F3}.Debug|x64.Build.0 = Debug|x64
		{19DB7CF1-0ACB-404A-931D-6A03F38320F3}.Release|Any CPU.ActiveCfg = Release|x64
		{19DB7CF1-0ACB-404A-931D-6A03F38320F3}.Release|x64.ActiveCfg = Release|x64
		{19DB7CF1-0ACB-404A-931D-6A03F38320F3}.Release|x64.Build.0 = Release|x64
		{B68BDEDF-A3AC-4311-A595-BA296AC97D4B}.Debug|Any CPU.ActiveCfg = Debug|x64
		{B68BDEDF-A3AC-4311-A595-BA296AC97D4B}.Debug|x64.ActiveCfg = Debug|x64
		{B68BDEDF-A3AC-4311-A595-BA296AC97D4B}.Debug|x64.Build.0 = Debug|x64
		{B68BDEDF-A3AC-4311-A595-BA296AC97D4B}.Release|Any CPU.ActiveCfg = Release|x64
		{B68BDEDF-A3AC-4311-A595-BA296AC97D4B}.Release|x64.ActiveCfg = Release|x64
		{B68BDEDF-A3AC-4311-A595-BA296AC97D4B}.Release|x64.Build.0 = Release|x64
		{368ADB12-7560-40DF-9C99-026DAF14E19F}.Debug|Any CPU.ActiveCfg = Debug|x64
		{368ADB12-7560-40DF-9C99-026DAF14E19F}.Debug|x64.ActiveCfg = Debug|x64
		{368ADB12-7560-40DF-9C99-026DAF14E19F}.Debug|x64.Build.0 = Debug|x64
		{368ADB12-7560-40DF-9C99-026DAF14E19F}.Release|Any CPU.ActiveCfg = Release|x64
		{368ADB12-7560-40DF-9C99-026DAF14E19F}.Release|x64.ActiveCfg = Release|x64
		{368ADB12-7560-40DF-9C99-026DAF14E19F}.Release|x64.Build.0 = Release|x64
		{4BF122D7-C88D-48CC-B339-73356B041215}.Debug|Any CPU.ActiveCfg = Debug|Any CPU
		{4BF122D7-C88D-48CC-B339-73356B041215}.Debug|Any CPU.Build.0 = Debug|Any CPU
		{4BF122D7-C88D-48CC-B339-73356B041215}.Debug|x64.ActiveCfg = Debug|Any CPU
		{4BF122D7-C88D-48CC-B339-73356B041215}.Debug|x64.Build.0 = Debug|Any CPU
		{4BF122D7-C88D-48CC-B339-73356B041215}.Release|Any CPU.ActiveCfg = Release|Any CPU
		{4BF122D7-C88D-48CC-B339-73356B041215}.Release|Any CPU.Build.0 = Release|Any CPU
		{4BF122D7-C88D-48CC-B339-73356B041215}.Release|x64.ActiveCfg = Release|Any CPU
		{4BF122D7-C88D-48CC-B339-73356B041215}.Release|x64.Build.0 = Release|Any CPU
		{E36BAD5A-F71E-4442-A9F6-269133FC8E81}.Debug|Any CPU.ActiveCfg = Debug|x64
		{E36BAD5A-F71E-4442-A9F6-269133FC8E81}.Debug|x64.ActiveCfg = Debug|x64
		{E36BAD5A-F71E-4442-A9F6-269133FC8E81}.Debug|x64.Build.0 = Debug|x64
		{E36BAD5A-F71E-4442-A9F6-269133FC8E81}.Release|Any CPU.ActiveCfg = Release|x64
		{E36BAD5A-F71E-4442-A9F6-269133FC8E81}.Release|x64.ActiveCfg = Release|x64
		{E36BAD5A-F71E-4442-A9F6-269133FC8E81}.Release|x64.Build.0 = Release|x64
		{BCF0E714-57E2-47D3-825B-7A8FE6C1B271}.Debug|Any CPU.ActiveCfg = Debug|x64
		{BCF0E714-57E2-47D3-825B-7A8FE6C1B271}.Debug|x64.ActiveCfg = Debug|x64
		{BCF0E714-57E2-47D3-825B-7A8FE6C1B271}.Debug|x64.Build.0 = Debug|x64
		{BCF0E714-57E2-47D3-825B-7A8FE6C1B271}.Release|Any CPU.ActiveCfg = Release|x64
		{BCF0E714-57E2-47D3-825B-7A8FE6C1B271}.Release|x64.ActiveCfg = Release|x64
		{BCF0E714-57E2-47D3-825B-7A8FE6C1B271}.Release|x64.Build.0 = Release|x64
		{88F01926-5425-4E3E-B63E-F978ABA5B690}.Debug|Any CPU.ActiveCfg = Debug|x64
		{88F01926-5425-4E3E-B63E-F978ABA5B690}.Debug|x64.ActiveCfg = Debug|x64
		{88F01926-5425-4E3E-B63E-F978ABA5B690}.Debug|x64.Build.0 = Debug|x64
		{88F01926-5425-4E3E-B63E-F978ABA5B690}.Release|Any CPU.ActiveCfg = Release|x64
		{88F01926-5425-4E3E-B63E-F978ABA5B690}.Release|x64.ActiveCfg = Release|x64
		{88F01926-5425-4E3E-B63E-F978ABA5B690}.Release|x64.Build.0 = Release|x64
		{2B49D448-2C54-4F5C-A191-9AF98EBA13D8}.Debug|Any CPU.ActiveCfg = Debug|x64
		{2B49D448-2C54-4F5C-A191-9AF98EBA13D8}.Debug|x64.ActiveCfg = Debug|x64
		{2B49D448-2C54-4F5C-A191-9AF98EBA13D8}.Debug|x64.Build.0 = Debug|x64
		{2B49D448-2C54-4F5C-A191-9AF98EBA13D8}.Release|Any CPU.ActiveCfg = Release|x64
		{2B49D448-2C54-4F5C-A191-9AF98EBA13D8}.Release|x64.ActiveCfg = Release|x64
		{2B49D448-2C54-4F5C-A191-9AF98EBA13D8}.Release|x64.Build.0 = Release|x64
		{9038611C-C4E5-4EF5-85A4-72686D0956A4}.Debug|Any CPU.ActiveCfg = Debug|x64
		{9038611C-C4E5-4EF5-85A4-72686D0956A4}.Debug|x64.ActiveCfg = Debug|x64
		{9038611C-C4E5-4EF5-85A4-72686D0956A4}.Debug|x64.Build.0 = Debug|x64
		{9038611C-C4E5-4EF5-85A4-72686D0956A4}.Release|Any CPU.ActiveCfg = Release|x64
		{9038611C-C4E5-4EF5-85A4-72686D0956A4}.Release|x64.ActiveCfg = Release|x64
		{9038611C-C4E5-4EF5-85A4-72686D0956A4}.Release|x64.Build.0 = Release|x64
		{2DFBD117-17E8-4060-846A-DE4F62F6DB6F}.Debug|Any CPU.ActiveCfg = Debug|x64
		{2DFBD117-17E8-4060-846A-DE4F62F6DB6F}.Debug|x64.ActiveCfg = Debug|x64
		{2DFBD117-17E8-4060-846A-DE4F62F6DB6F}.Debug|x64.Build.0 = Debug|x64
		{2DFBD117-17E8-4060-846A-DE4F62F6DB6F}.Release|Any CPU.ActiveCfg = Release|x64
		{2DFBD117-17E8-4060-846A-DE4F62F6DB6F}.Release|x64.ActiveCfg = Release|x64
		{2DFBD117-17E8-4060-846A-DE4F62F6DB6F}.Release|x64.Build.0 = Release|x64
	EndGlobalSection
	GlobalSection(SolutionProperties) = preSolution
		HideSolutionNode = FALSE
	EndGlobalSection
EndGlobal
